
Microsoft Visual Studio Solution File, Format Version 12.00
# Visual Studio Version 16
VisualStudioVersion = 16.0.30204.135
MinimumVisualStudioVersion = 10.0.40219.1
Project("{FAE04EC0-301F-11D3-BF4B-00C04F79EFBC}") = "patrondecorator_CSharp", "patrondecorator_CSharp.csproj", "{7325D3E4-DD18-455A-87A2-30CF21BE8EAE}"
EndProject
Global
	GlobalSection(SolutionConfigurationPlatforms) = preSolution
		Debug|Any CPU = Debug|Any CPU
		Release|Any CPU = Release|Any CPU
	EndGlobalSection
	GlobalSection(ProjectConfigurationPlatforms) = postSolution
		{7325D3E4-DD18-455A-87A2-30CF21BE8EAE}.Debug|Any CPU.ActiveCfg = Debug|Any CPU
		{7325D3E4-DD18-455A-87A2-30CF21BE8EAE}.Debug|Any CPU.Build.0 = Debug|Any CPU
		{7325D3E4-DD18-455A-87A2-30CF21BE8EAE}.Release|Any CPU.ActiveCfg = Release|Any CPU
		{7325D3E4-DD18-455A-87A2-30CF21BE8EAE}.Release|Any CPU.Build.0 = Release|Any CPU
	EndGlobalSection
	GlobalSection(SolutionProperties) = preSolution
		HideSolutionNode = FALSE
	EndGlobalSection
	GlobalSection(ExtensibilityGlobals) = postSolution
		SolutionGuid = {DF11F8FC-CFB2-4F40-8B30-BDCF1437D9D6}
	EndGlobalSection
EndGlobal
